
Microsoft Visual Studio Solution File, Format Version 12.00
# Visual Studio 15
VisualStudioVersion = 15.0.28307.1082
MinimumVisualStudioVersion = 10.0.40219.1
Project("{FAE04EC0-301F-11D3-BF4B-00C04F79EFBC}") = "Web Stock Market", "Web Stock Market\Web Stock Market.csproj", "{3EC31EFB-4D5E-4BCD-A7E8-EFEC38FA06E1}"
EndProject
Global
	GlobalSection(SolutionConfigurationPlatforms) = preSolution
		Debug|Any CPU = Debug|Any CPU
		Release|Any CPU = Release|Any CPU
	EndGlobalSection
	GlobalSection(ProjectConfigurationPlatforms) = postSolution
		{3EC31EFB-4D5E-4BCD-A7E8-EFEC38FA06E1}.Debug|Any CPU.ActiveCfg = Debug|Any CPU
		{3EC31EFB-4D5E-4BCD-A7E8-EFEC38FA06E1}.Debug|Any CPU.Build.0 = Debug|Any CPU
		{3EC31EFB-4D5E-4BCD-A7E8-EFEC38FA06E1}.Release|Any CPU.ActiveCfg = Release|Any CPU
		{3EC31EFB-4D5E-4BCD-A7E8-EFEC38FA06E1}.Release|Any CPU.Build.0 = Release|Any CPU
	EndGlobalSection
	GlobalSection(SolutionProperties) = preSolution
		HideSolutionNode = FALSE
	EndGlobalSection
	GlobalSection(ExtensibilityGlobals) = postSolution
		SolutionGuid = {63061A2C-7C45-475A-BB5D-ADCB6EAD3220}
	EndGlobalSection
EndGlobal
